
Microsoft Visual Studio Solution File, Format Version 12.00
# Visual Studio Version 17
VisualStudioVersion = 17.14.36915.13 d17.14
MinimumVisualStudioVersion = 10.0.40219.1
Project("{FAE04EC0-301F-11D3-BF4B-00C04F79EFBC}") = "FranzToyRobotTest", "FranzToyRobotTest\FranzToyRobotTest.csproj", "{8F8293F7-E41C-4F81-8AB9-D5DFE324DB0B}"
EndProject
Global
	GlobalSection(SolutionConfigurationPlatforms) = preSolution
		Debug|Any CPU = Debug|Any CPU
		Release|Any CPU = Release|Any CPU
	EndGlobalSection
	GlobalSection(ProjectConfigurationPlatforms) = postSolution
		{8F8293F7-E41C-4F81-8AB9-D5DFE324DB0B}.Debug|Any CPU.ActiveCfg = Debug|Any CPU
		{8F8293F7-E41C-4F81-8AB9-D5DFE324DB0B}.Debug|Any CPU.Build.0 = Debug|Any CPU
		{8F8293F7-E41C-4F81-8AB9-D5DFE324DB0B}.Release|Any CPU.ActiveCfg = Release|Any CPU
		{8F8293F7-E41C-4F81-8AB9-D5DFE324DB0B}.Release|Any CPU.Build.0 = Release|Any CPU
	EndGlobalSection
	GlobalSection(SolutionProperties) = preSolution
		HideSolutionNode = FALSE
	EndGlobalSection
	GlobalSection(ExtensibilityGlobals) = postSolution
		SolutionGuid = {E3DD79A2-BD3C-40DB-9328-88CA1AE263CD}
	EndGlobalSection
EndGlobal
